Microsoft Visual Studio Solution File, Format Version 12.00
# Visual Studio Version 17
VisualStudioVersion = 17.5.2.0
MinimumVisualStudioVersion = 10.0.40219.1
Project("{FAE04EC0-301F-11D3-BF4B-00C04F79EFBC}") = "SubtitleGeneratorWeb", "SubtitleGeneratorWeb.csproj", "{CFD464BA-D1B2-9A0B-F6C6-7184D8545A0C}"
EndProject
Global
	GlobalSection(SolutionConfigurationPlatforms) = preSolution
		Debug|Any CPU = Debug|Any CPU
		Release|Any CPU = Release|Any CPU
	EndGlobalSection
	GlobalSection(ProjectConfigurationPlatforms) = postSolution
		{CFD464BA-D1B2-9A0B-F6C6-7184D8545A0C}.Debug|Any CPU.ActiveCfg = Debug|Any CPU
		{CFD464BA-D1B2-9A0B-F6C6-7184D8545A0C}.Debug|Any CPU.Build.0 = Debug|Any CPU
		{CFD464BA-D1B2-9A0B-F6C6-7184D8545A0C}.Release|Any CPU.ActiveCfg = Release|Any CPU
		{CFD464BA-D1B2-9A0B-F6C6-7184D8545A0C}.Release|Any CPU.Build.0 = Release|Any CPU
	EndGlobalSection
	GlobalSection(SolutionProperties) = preSolution
		HideSolutionNode = FALSE
	EndGlobalSection
	GlobalSection(ExtensibilityGlobals) = postSolution
		SolutionGuid = {805B4C62-3921-4244-A3A0-4C6620E806A3}
	EndGlobalSection
EndGlobal
